
Microsoft Visual Studio Solution File, Format Version 12.00
# Visual Studio 15
VisualStudioVersion = 15.0.27703.2026
MinimumVisualStudioVersion = 10.0.40219.1
Project("{FAE04EC0-301F-11D3-BF4B-00C04F79EFBC}") = "MvcMovie", "MvcMovie\MvcMovie.csproj", "{C5F3DE8F-5282-4B5F-85A6-D51E237ABE3B}"
EndProject
Global
	GlobalSection(SolutionConfigurationPlatforms) = preSolution
		Debug|Any CPU = Debug|Any CPU
		Release|Any CPU = Release|Any CPU
	EndGlobalSection
	GlobalSection(ProjectConfigurationPlatforms) = postSolution
		{C5F3DE8F-5282-4B5F-85A6-D51E237ABE3B}.Debug|Any CPU.ActiveCfg = Debug|Any CPU
		{C5F3DE8F-5282-4B5F-85A6-D51E237ABE3B}.Debug|Any CPU.Build.0 = Debug|Any CPU
		{C5F3DE8F-5282-4B5F-85A6-D51E237ABE3B}.Release|Any CPU.ActiveCfg = Release|Any CPU
		{C5F3DE8F-5282-4B5F-85A6-D51E237ABE3B}.Release|Any CPU.Build.0 = Release|Any CPU
	EndGlobalSection
	GlobalSection(SolutionProperties) = preSolution
		HideSolutionNode = FALSE
	EndGlobalSection
	GlobalSection(ExtensibilityGlobals) = postSolution
		SolutionGuid = {99DF0D41-3371-41B8-995F-20EC1E6A6117}
	EndGlobalSection
EndGlobal
